Microsoft Visual Studio Solution File, Format Version 12.00
# Visual Studio Version 17
VisualStudioVersion = 17.5.2.0
MinimumVisualStudioVersion = 10.0.40219.1
Project("{FAE04EC0-301F-11D3-BF4B-00C04F79EFBC}") = "AllCardsOnDeckCSRemake", "AllCardsOnDeckCSRemake.csproj", "{5296FB57-7C94-B651-6192-D23CAB8730BF}"
EndProject
Global
	GlobalSection(SolutionConfigurationPlatforms) = preSolution
		Debug|Any CPU = Debug|Any CPU
		Release|Any CPU = Release|Any CPU
	EndGlobalSection
	GlobalSection(ProjectConfigurationPlatforms) = postSolution
		{5296FB57-7C94-B651-6192-D23CAB8730BF}.Debug|Any CPU.ActiveCfg = Debug|Any CPU
		{5296FB57-7C94-B651-6192-D23CAB8730BF}.Debug|Any CPU.Build.0 = Debug|Any CPU
		{5296FB57-7C94-B651-6192-D23CAB8730BF}.Release|Any CPU.ActiveCfg = Release|Any CPU
		{5296FB57-7C94-B651-6192-D23CAB8730BF}.Release|Any CPU.Build.0 = Release|Any CPU
	EndGlobalSection
	GlobalSection(SolutionProperties) = preSolution
		HideSolutionNode = FALSE
	EndGlobalSection
	GlobalSection(ExtensibilityGlobals) = postSolution
		SolutionGuid = {84D9312B-FB61-4F5D-9BDC-FE8E47DA2A58}
	EndGlobalSection
EndGlobal
